
Microsoft Visual Studio Solution File, Format Version 12.00
# Visual Studio Version 16
VisualStudioVersion = 16.0.30011.22
MinimumVisualStudioVersion = 10.0.40219.1
Project("{FAE04EC0-301F-11D3-BF4B-00C04F79EFBC}") = "par e impar", "par e impar.csproj", "{63BD2CCA-2307-49F3-919E-B174F4404C9D}"
EndProject
Global
	GlobalSection(SolutionConfigurationPlatforms) = preSolution
		Debug|Any CPU = Debug|Any CPU
		Release|Any CPU = Release|Any CPU
	EndGlobalSection
	GlobalSection(ProjectConfigurationPlatforms) = postSolution
		{63BD2CCA-2307-49F3-919E-B174F4404C9D}.Debug|Any CPU.ActiveCfg = Debug|Any CPU
		{63BD2CCA-2307-49F3-919E-B174F4404C9D}.Debug|Any CPU.Build.0 = Debug|Any CPU
		{63BD2CCA-2307-49F3-919E-B174F4404C9D}.Release|Any CPU.ActiveCfg = Release|Any CPU
		{63BD2CCA-2307-49F3-919E-B174F4404C9D}.Release|Any CPU.Build.0 = Release|Any CPU
	EndGlobalSection
	GlobalSection(SolutionProperties) = preSolution
		HideSolutionNode = FALSE
	EndGlobalSection
	GlobalSection(ExtensibilityGlobals) = postSolution
		SolutionGuid = {38247716-E48B-454B-A241-693DCD8A8E5C}
	EndGlobalSection
EndGlobal
